PODS:
  - FBSnapshotTestCase (2.1.4):
    - FBSnapshotTestCase/SwiftSupport (= 2.1.4)
  - FBSnapshotTestCase/Core (2.1.4)
  - FBSnapshotTestCase/SwiftSupport (2.1.4):
    - FBSnapshotTestCase/Core
  - FlexLayout (1.3.22)
  - KarrotFlex (0.0.1):
    - FlexLayout (~> 1.3)
    - PinLayout (~> 1.10.0)
  - PinLayout (1.10.0)

DEPENDENCIES:
  - FBSnapshotTestCase (~> 2.1.4)
  - KarrotFlex (from `../`)

SPEC REPOS:
  trunk:
    - FBSnapshotTestCase
    - FlexLayout
    - PinLayout

EXTERNAL SOURCES:
  KarrotFlex:
    :path: "../"

SPEC CHECKSUMS:
  FBSnapshotTestCase: 094f9f314decbabe373b87cc339bea235a63e07a
  FlexLayout: df96321d364c4c5fd38f85caf90b607f7b1b4f48
  KarrotFlex: 6e123744f77858a85f14540f28f92b6c2a94d932
  PinLayout: e50e9a748b632905fca6e67043ea4b05d6c92186

PODFILE CHECKSUM: 5663e70073c793d029a18513abc64ba182fb2c5b

COCOAPODS: 1.11.2
