PODS:
  - FBSnapshotTestCase (2.1.4):
    - FBSnapshotTestCase/SwiftSupport (= 2.1.4)
  - FBSnapshotTestCase/Core (2.1.4)
  - FBSnapshotTestCase/SwiftSupport (2.1.4):
    - FBSnapshotTestCase/Core
  - FlexLayout (1.3.22)
  - Reflex (1.0.0):
    - FlexLayout (~> 1.3)

DEPENDENCIES:
  - FBSnapshotTestCase (~> 2.1.4)
  - Reflex (from `../`)

SPEC REPOS:
  trunk:
    - FBSnapshotTestCase
    - FlexLayout

EXTERNAL SOURCES:
  Reflex:
    :path: "../"

SPEC CHECKSUMS:
  FBSnapshotTestCase: 094f9f314decbabe373b87cc339bea235a63e07a
  FlexLayout: df96321d364c4c5fd38f85caf90b607f7b1b4f48
  Reflex: a61fce6ac5d5ec312d62e5478faa8394982740b2

PODFILE CHECKSUM: 4bfc9216d93f02a011ebf5c90d50eadca4add846

COCOAPODS: 1.10.1
