PODS:
  - FlexLayout (1.3.22)
  - KarrotFlex (1.0.1):
    - FlexLayout (~> 1.3)
    - PinLayout (~> 1.10.0)
  - PinLayout (1.10.0)

DEPENDENCIES:
  - KarrotFlex (from `../`)

SPEC REPOS:
  trunk:
    - FlexLayout
    - PinLayout

EXTERNAL SOURCES:
  KarrotFlex:
    :path: "../"

SPEC CHECKSUMS:
  FlexLayout: df96321d364c4c5fd38f85caf90b607f7b1b4f48
  KarrotFlex: dd2a7d614dbda570585d8c3696ef552ea786b112
  PinLayout: e50e9a748b632905fca6e67043ea4b05d6c92186

PODFILE CHECKSUM: 87685cfaeeab3c8233befd8bfa98b5d72f1c8f6d

COCOAPODS: 1.11.2
